
Microsoft Visual Studio Solution File, Format Version 12.00
# Visual Studio Version 16
VisualStudioVersion = 16.0.31019.35
MinimumVisualStudioVersion = 10.0.40219.1
Project("{FAE04EC0-301F-11D3-BF4B-00C04F79EFBC}") = "GuessTheMelody", "GuessTheMelody\GuessTheMelody.csproj", "{2C31AAE6-B48B-4339-9C1B-88CBFBB05FA3}"
EndProject
Global
	GlobalSection(SolutionConfigurationPlatforms) = preSolution
		Debug|Any CPU = Debug|Any CPU
		Release|Any CPU = Release|Any CPU
	EndGlobalSection
	GlobalSection(ProjectConfigurationPlatforms) = postSolution
		{2C31AAE6-B48B-4339-9C1B-88CBFBB05FA3}.Debug|Any CPU.ActiveCfg = Debug|Any CPU
		{2C31AAE6-B48B-4339-9C1B-88CBFBB05FA3}.Debug|Any CPU.Build.0 = Debug|Any CPU
		{2C31AAE6-B48B-4339-9C1B-88CBFBB05FA3}.Release|Any CPU.ActiveCfg = Release|Any CPU
		{2C31AAE6-B48B-4339-9C1B-88CBFBB05FA3}.Release|Any CPU.Build.0 = Release|Any CPU
	EndGlobalSection
	GlobalSection(SolutionProperties) = preSolution
		HideSolutionNode = FALSE
	EndGlobalSection
	GlobalSection(ExtensibilityGlobals) = postSolution
		SolutionGuid = {81729F20-1FAB-4205-98A6-92E769AF64C9}
	EndGlobalSection
EndGlobal
